
Microsoft Visual Studio Solution File, Format Version 12.00
# Visual Studio Version 17
VisualStudioVersion = 17.5.002.0
MinimumVisualStudioVersion = 10.0.40219.1
Project("{9A19103F-16F7-4668-BE54-9A1E7A4F7556}") = "BlazorApp1", "BlazorApp1.csproj", "{D73D05F0-332C-4529-8E33-48167B1E9C0F}"
EndProject
Global
	GlobalSection(SolutionConfigurationPlatforms) = preSolution
		Debug|Any CPU = Debug|Any CPU
		Release|Any CPU = Release|Any CPU
	EndGlobalSection
	GlobalSection(ProjectConfigurationPlatforms) = postSolution
		{D73D05F0-332C-4529-8E33-48167B1E9C0F}.Debug|Any CPU.ActiveCfg = Debug|Any CPU
		{D73D05F0-332C-4529-8E33-48167B1E9C0F}.Debug|Any CPU.Build.0 = Debug|Any CPU
		{D73D05F0-332C-4529-8E33-48167B1E9C0F}.Release|Any CPU.ActiveCfg = Release|Any CPU
		{D73D05F0-332C-4529-8E33-48167B1E9C0F}.Release|Any CPU.Build.0 = Release|Any CPU
	EndGlobalSection
	GlobalSection(SolutionProperties) = preSolution
		HideSolutionNode = FALSE
	EndGlobalSection
	GlobalSection(ExtensibilityGlobals) = postSolution
		SolutionGuid = {C1CD0BC0-6F97-4852-99C5-19D7AC3E9E04}
	EndGlobalSection
EndGlobal
